
Microsoft Visual Studio Solution File, Format Version 12.00
# Visual Studio Version 17
VisualStudioVersion = 17.12.35707.178
MinimumVisualStudioVersion = 10.0.40219.1
Project("{FAE04EC0-301F-11D3-BF4B-00C04F79EFBC}") = "Task5_0", "Task5_0\Task5_0.csproj", "{AC6ED66D-0E85-4B28-ADDD-737AA3EB1FE0}"
EndProject
Project("{FAE04EC0-301F-11D3-BF4B-00C04F79EFBC}") = "Task5_1", "Task5_1\Task5_1.csproj", "{31229870-80B3-49EF-890C-AAFF015C2798}"
EndProject
Project("{FAE04EC0-301F-11D3-BF4B-00C04F79EFBC}") = "Task5_2", "Task5_2\Task5_2.csproj", "{5FD6833A-F3D3-4239-9521-0569B63197DA}"
EndProject
Project("{FAE04EC0-301F-11D3-BF4B-00C04F79EFBC}") = "Task5_3", "Task5_3\Task5_3.csproj", "{4B520646-EACF-4F17-B69A-A3FFA2F9770F}"
EndProject
Project("{FAE04EC0-301F-11D3-BF4B-00C04F79EFBC}") = "Task5_4", "Task5_4\Task5_4.csproj", "{A211E16A-0AF8-4C07-B7D0-150FE67BF67B}"
EndProject
Project("{FAE04EC0-301F-11D3-BF4B-00C04F79EFBC}") = "Task5_5", "Task5_5\Task5_5.csproj", "{3F28C902-60CC-470F-A3B5-993540C93A5F}"
EndProject
Project("{FAE04EC0-301F-11D3-BF4B-00C04F79EFBC}") = "Task5_6", "Task5_6\Task5_6.csproj", "{BFC5DA62-A843-4765-8FC2-A4F5253F72A6}"
EndProject
Project("{FAE04EC0-301F-11D3-BF4B-00C04F79EFBC}") = "Task5_7", "Task5_7\Task5_7.csproj", "{B77296BB-F464-4D76-A3C6-A22F2D56C6E9}"
EndProject
Project("{FAE04EC0-301F-11D3-BF4B-00C04F79EFBC}") = "Task6_1", "Task6_1\Task6_1.csproj", "{D5DFD995-DD8F-40E4-BB03-1AECC81C717A}"
EndProject
Project("{FAE04EC0-301F-11D3-BF4B-00C04F79EFBC}") = "Task6_2", "Task6_2\Task6_2.csproj", "{A82561A5-4BEC-4059-804B-870A08C5FA6D}"
EndProject
Project("{FAE04EC0-301F-11D3-BF4B-00C04F79EFBC}") = "Task6_3", "Task6_3\Task6_3.csproj", "{E6A2F31A-C363-49AD-8D27-28872E5D34F1}"
EndProject
Project("{FAE04EC0-301F-11D3-BF4B-00C04F79EFBC}") = "Task6_4", "Task6_4\Task6_4.csproj", "{C3BD97DA-32E1-4C7F-AC4E-CCC14E59176C}"
EndProject
Project("{FAE04EC0-301F-11D3-BF4B-00C04F79EFBC}") = "Task6_5", "Task6_5\Task6_5.csproj", "{871A257B-5F4A-4DF3-904A-076A53CFEE18}"
EndProject
Project("{FAE04EC0-301F-11D3-BF4B-00C04F79EFBC}") = "Task7_1", "Task7_1\Task7_1.csproj", "{8597E3EE-21B1-45A4-B37F-9D562F78E642}"
EndProject
Project("{FAE04EC0-301F-11D3-BF4B-00C04F79EFBC}") = "Task7_2", "Task7_2\Task7_2.csproj", "{F55D6A88-F64C-4827-9550-AAB319C3168A}"
EndProject
Project("{FAE04EC0-301F-11D3-BF4B-00C04F79EFBC}") = "Task7_3", "Task7_3\Task7_3.csproj", "{27760767-496E-4C5A-9AC8-17A2E69DF9CE}"
EndProject
Project("{FAE04EC0-301F-11D3-BF4B-00C04F79EFBC}") = "Task7_4", "Task7_4\Task7_4.csproj", "{8E7AD835-02D4-47F1-AEC2-134B21529A51}"
EndProject
Project("{FAE04EC0-301F-11D3-BF4B-00C04F79EFBC}") = "Task7_5", "Task7_5\Task7_5.csproj", "{C613A22E-5130-4644-83FF-373F28C182F6}"
EndProject
Project("{FAE04EC0-301F-11D3-BF4B-00C04F79EFBC}") = "Task8_1", "Task8_1\Task8_1.csproj", "{68764563-AA0A-4692-AEC0-F3BE3D8E2A97}"
EndProject
Project("{FAE04EC0-301F-11D3-BF4B-00C04F79EFBC}") = "Task8_2", "Task8_2\Task8_2.csproj", "{83CDD5C7-40E8-460A-A6A9-A0CAEF37BB6A}"
EndProject
Project("{FAE04EC0-301F-11D3-BF4B-00C04F79EFBC}") = "Task9_1", "Task9_1\Task9_1.csproj", "{B0110F6B-EFD8-4CA7-BA69-4E63F806B208}"
EndProject
Project("{FAE04EC0-301F-11D3-BF4B-00C04F79EFBC}") = "Task9_2", "Task9_2\Task9_2.csproj", "{03102DEF-BD7C-439A-900D-0207FB11E64B}"
EndProject
Project("{FAE04EC0-301F-11D3-BF4B-00C04F79EFBC}") = "Lab10_1", "Lab10_1\Lab10_1.csproj", "{789DE6CF-2D48-45D6-990E-1CF6DABFD75D}"
EndProject
Global
	GlobalSection(SolutionConfigurationPlatforms) = preSolution
		Debug|Any CPU = Debug|Any CPU
		Release|Any CPU = Release|Any CPU
	EndGlobalSection
	GlobalSection(ProjectConfigurationPlatforms) = postSolution
		{AC6ED66D-0E85-4B28-ADDD-737AA3EB1FE0}.Debug|Any CPU.ActiveCfg = Debug|Any CPU
		{AC6ED66D-0E85-4B28-ADDD-737AA3EB1FE0}.Debug|Any CPU.Build.0 = Debug|Any CPU
		{AC6ED66D-0E85-4B28-ADDD-737AA3EB1FE0}.Release|Any CPU.ActiveCfg = Release|Any CPU
		{AC6ED66D-0E85-4B28-ADDD-737AA3EB1FE0}.Release|Any CPU.Build.0 = Release|Any CPU
		{31229870-80B3-49EF-890C-AAFF015C2798}.Debug|Any CPU.ActiveCfg = Debug|Any CPU
		{31229870-80B3-49EF-890C-AAFF015C2798}.Debug|Any CPU.Build.0 = Debug|Any CPU
		{31229870-80B3-49EF-890C-AAFF015C2798}.Release|Any CPU.ActiveCfg = Release|Any CPU
		{31229870-80B3-49EF-890C-AAFF015C2798}.Release|Any CPU.Build.0 = Release|Any CPU
		{5FD6833A-F3D3-4239-9521-0569B63197DA}.Debug|Any CPU.ActiveCfg = Debug|Any CPU
		{5FD6833A-F3D3-4239-9521-0569B63197DA}.Debug|Any CPU.Build.0 = Debug|Any CPU
		{5FD6833A-F3D3-4239-9521-0569B63197DA}.Release|Any CPU.ActiveCfg = Release|Any CPU
		{5FD6833A-F3D3-4239-9521-0569B63197DA}.Release|Any CPU.Build.0 = Release|Any CPU
		{4B520646-EACF-4F17-B69A-A3FFA2F9770F}.Debug|Any CPU.ActiveCfg = Debug|Any CPU
		{4B520646-EACF-4F17-B69A-A3FFA2F9770F}.Debug|Any CPU.Build.0 = Debug|Any CPU
		{4B520646-EACF-4F17-B69A-A3FFA2F9770F}.Release|Any CPU.ActiveCfg = Release|Any CPU
		{4B520646-EACF-4F17-B69A-A3FFA2F9770F}.Release|Any CPU.Build.0 = Release|Any CPU
		{A211E16A-0AF8-4C07-B7D0-150FE67BF67B}.Debug|Any CPU.ActiveCfg = Debug|Any CPU
		{A211E16A-0AF8-4C07-B7D0-150FE67BF67B}.Debug|Any CPU.Build.0 = Debug|Any CPU
		{A211E16A-0AF8-4C07-B7D0-150FE67BF67B}.Release|Any CPU.ActiveCfg = Release|Any CPU
		{A211E16A-0AF8-4C07-B7D0-150FE67BF67B}.Release|Any CPU.Build.0 = Release|Any CPU
		{3F28C902-60CC-470F-A3B5-993540C93A5F}.Debug|Any CPU.ActiveCfg = Debug|Any CPU
		{3F28C902-60CC-470F-A3B5-993540C93A5F}.Debug|Any CPU.Build.0 = Debug|Any CPU
		{3F28C902-60CC-470F-A3B5-993540C93A5F}.Release|Any CPU.ActiveCfg = Release|Any CPU
		{3F28C902-60CC-470F-A3B5-993540C93A5F}.Release|Any CPU.Build.0 = Release|Any CPU
		{BFC5DA62-A843-4765-8FC2-A4F5253F72A6}.Debug|Any CPU.ActiveCfg = Debug|Any CPU
		{BFC5DA62-A843-4765-8FC2-A4F5253F72A6}.Debug|Any CPU.Build.0 = Debug|Any CPU
		{BFC5DA62-A843-4765-8FC2-A4F5253F72A6}.Release|Any CPU.ActiveCfg = Release|Any CPU
		{BFC5DA62-A843-4765-8FC2-A4F5253F72A6}.Release|Any CPU.Build.0 = Release|Any CPU
		{B77296BB-F464-4D76-A3C6-A22F2D56C6E9}.Debug|Any CPU.ActiveCfg = Debug|Any CPU
		{B77296BB-F464-4D76-A3C6-A22F2D56C6E9}.Debug|Any CPU.Build.0 = Debug|Any CPU
		{B77296BB-F464-4D76-A3C6-A22F2D56C6E9}.Release|Any CPU.ActiveCfg = Release|Any CPU
		{B77296BB-F464-4D76-A3C6-A22F2D56C6E9}.Release|Any CPU.Build.0 = Release|Any CPU
		{D5DFD995-DD8F-40E4-BB03-1AECC81C717A}.Debug|Any CPU.ActiveCfg = Debug|Any CPU
		{D5DFD995-DD8F-40E4-BB03-1AECC81C717A}.Debug|Any CPU.Build.0 = Debug|Any CPU
		{D5DFD995-DD8F-40E4-BB03-1AECC81C717A}.Release|Any CPU.ActiveCfg = Release|Any CPU
		{D5DFD995-DD8F-40E4-BB03-1AECC81C717A}.Release|Any CPU.Build.0 = Release|Any CPU
		{A82561A5-4BEC-4059-804B-870A08C5FA6D}.Debug|Any CPU.ActiveCfg = Debug|Any CPU
		{A82561A5-4BEC-4059-804B-870A08C5FA6D}.Debug|Any CPU.Build.0 = Debug|Any CPU
		{A82561A5-4BEC-4059-804B-870A08C5FA6D}.Release|Any CPU.ActiveCfg = Release|Any CPU
		{A82561A5-4BEC-4059-804B-870A08C5FA6D}.Release|Any CPU.Build.0 = Release|Any CPU
		{E6A2F31A-C363-49AD-8D27-28872E5D34F1}.Debug|Any CPU.ActiveCfg = Debug|Any CPU
		{E6A2F31A-C363-49AD-8D27-28872E5D34F1}.Debug|Any CPU.Build.0 = Debug|Any CPU
		{E6A2F31A-C363-49AD-8D27-28872E5D34F1}.Release|Any CPU.ActiveCfg = Release|Any CPU
		{E6A2F31A-C363-49AD-8D27-28872E5D34F1}.Release|Any CPU.Build.0 = Release|Any CPU
		{C3BD97DA-32E1-4C7F-AC4E-CCC14E59176C}.Debug|Any CPU.ActiveCfg = Debug|Any CPU
		{C3BD97DA-32E1-4C7F-AC4E-CCC14E59176C}.Debug|Any CPU.Build.0 = Debug|Any CPU
		{C3BD97DA-32E1-4C7F-AC4E-CCC14E59176C}.Release|Any CPU.ActiveCfg = Release|Any CPU
		{C3BD97DA-32E1-4C7F-AC4E-CCC14E59176C}.Release|Any CPU.Build.0 = Release|Any CPU
		{871A257B-5F4A-4DF3-904A-076A53CFEE18}.Debug|Any CPU.ActiveCfg = Debug|Any CPU
		{871A257B-5F4A-4DF3-904A-076A53CFEE18}.Debug|Any CPU.Build.0 = Debug|Any CPU
		{871A257B-5F4A-4DF3-904A-076A53CFEE18}.Release|Any CPU.ActiveCfg = Release|Any CPU
		{871A257B-5F4A-4DF3-904A-076A53CFEE18}.Release|Any CPU.Build.0 = Release|Any CPU
		{8597E3EE-21B1-45A4-B37F-9D562F78E642}.Debug|Any CPU.ActiveCfg = Debug|Any CPU
		{8597E3EE-21B1-45A4-B37F-9D562F78E642}.Debug|Any CPU.Build.0 = Debug|Any CPU
		{8597E3EE-21B1-45A4-B37F-9D562F78E642}.Release|Any CPU.ActiveCfg = Release|Any CPU
		{8597E3EE-21B1-45A4-B37F-9D562F78E642}.Release|Any CPU.Build.0 = Release|Any CPU
		{F55D6A88-F64C-4827-9550-AAB319C3168A}.Debug|Any CPU.ActiveCfg = Debug|Any CPU
		{F55D6A88-F64C-4827-9550-AAB319C3168A}.Debug|Any CPU.Build.0 = Debug|Any CPU
		{F55D6A88-F64C-4827-9550-AAB319C3168A}.Release|Any CPU.ActiveCfg = Release|Any CPU
		{F55D6A88-F64C-4827-9550-AAB319C3168A}.Release|Any CPU.Build.0 = Release|Any CPU
		{27760767-496E-4C5A-9AC8-17A2E69DF9CE}.Debug|Any CPU.ActiveCfg = Debug|Any CPU
		{27760767-496E-4C5A-9AC8-17A2E69DF9CE}.Debug|Any CPU.Build.0 = Debug|Any CPU
		{27760767-496E-4C5A-9AC8-17A2E69DF9CE}.Release|Any CPU.ActiveCfg = Release|Any CPU
		{27760767-496E-4C5A-9AC8-17A2E69DF9CE}.Release|Any CPU.Build.0 = Release|Any CPU
		{8E7AD835-02D4-47F1-AEC2-134B21529A51}.Debug|Any CPU.ActiveCfg = Debug|Any CPU
		{8E7AD835-02D4-47F1-AEC2-134B21529A51}.Debug|Any CPU.Build.0 = Debug|Any CPU
		{8E7AD835-02D4-47F1-AEC2-134B21529A51}.Release|Any CPU.ActiveCfg = Release|Any CPU
		{8E7AD835-02D4-47F1-AEC2-134B21529A51}.Release|Any CPU.Build.0 = Release|Any CPU
		{C613A22E-5130-4644-83FF-373F28C182F6}.Debug|Any CPU.ActiveCfg = Debug|Any CPU
		{C613A22E-5130-4644-83FF-373F28C182F6}.Debug|Any CPU.Build.0 = Debug|Any CPU
		{C613A22E-5130-4644-83FF-373F28C182F6}.Release|Any CPU.ActiveCfg = Release|Any CPU
		{C613A22E-5130-4644-83FF-373F28C182F6}.Release|Any CPU.Build.0 = Release|Any CPU
		{68764563-AA0A-4692-AEC0-F3BE3D8E2A97}.Debug|Any CPU.ActiveCfg = Debug|Any CPU
		{68764563-AA0A-4692-AEC0-F3BE3D8E2A97}.Debug|Any CPU.Build.0 = Debug|Any CPU
		{68764563-AA0A-4692-AEC0-F3BE3D8E2A97}.Release|Any CPU.ActiveCfg = Release|Any CPU
		{68764563-AA0A-4692-AEC0-F3BE3D8E2A97}.Release|Any CPU.Build.0 = Release|Any CPU
		{83CDD5C7-40E8-460A-A6A9-A0CAEF37BB6A}.Debug|Any CPU.ActiveCfg = Debug|Any CPU
		{83CDD5C7-40E8-460A-A6A9-A0CAEF37BB6A}.Debug|Any CPU.Build.0 = Debug|Any CPU
		{83CDD5C7-40E8-460A-A6A9-A0CAEF37BB6A}.Release|Any CPU.ActiveCfg = Release|Any CPU
		{83CDD5C7-40E8-460A-A6A9-A0CAEF37BB6A}.Release|Any CPU.Build.0 = Release|Any CPU
		{B0110F6B-EFD8-4CA7-BA69-4E63F806B208}.Debug|Any CPU.ActiveCfg = Debug|Any CPU
		{B0110F6B-EFD8-4CA7-BA69-4E63F806B208}.Debug|Any CPU.Build.0 = Debug|Any CPU
		{B0110F6B-EFD8-4CA7-BA69-4E63F806B208}.Release|Any CPU.ActiveCfg = Release|Any CPU
		{B0110F6B-EFD8-4CA7-BA69-4E63F806B208}.Release|Any CPU.Build.0 = Release|Any CPU
		{03102DEF-BD7C-439A-900D-0207FB11E64B}.Debug|Any CPU.ActiveCfg = Debug|Any CPU
		{03102DEF-BD7C-439A-900D-0207FB11E64B}.Debug|Any CPU.Build.0 = Debug|Any CPU
		{03102DEF-BD7C-439A-900D-0207FB11E64B}.Release|Any CPU.ActiveCfg = Release|Any CPU
		{03102DEF-BD7C-439A-900D-0207FB11E64B}.Release|Any CPU.Build.0 = Release|Any CPU
		{789DE6CF-2D48-45D6-990E-1CF6DABFD75D}.Debug|Any CPU.ActiveCfg = Debug|Any CPU
		{789DE6CF-2D48-45D6-990E-1CF6DABFD75D}.Debug|Any CPU.Build.0 = Debug|Any CPU
		{789DE6CF-2D48-45D6-990E-1CF6DABFD75D}.Release|Any CPU.ActiveCfg = Release|Any CPU
		{789DE6CF-2D48-45D6-990E-1CF6DABFD75D}.Release|Any CPU.Build.0 = Release|Any CPU
	EndGlobalSection
	GlobalSection(SolutionProperties) = preSolution
		HideSolutionNode = FALSE
	EndGlobalSection
EndGlobal
